PODS:
  - Alamofire (4.0.1)
  - SkyFloatingLabelTextField (1.2.1)

DEPENDENCIES:
  - Alamofire
  - SkyFloatingLabelTextField (from `https://github.com/MLSDev/SkyFloatingLabelTextField.git`, branch `swift3`)

EXTERNAL SOURCES:
  SkyFloatingLabelTextField:
    :branch: swift3
    :git: https://github.com/MLSDev/SkyFloatingLabelTextField.git

CHECKOUT OPTIONS:
  SkyFloatingLabelTextField:
    :commit: 03177934f990c794060765f33c408268ce8afee0
    :git: https://github.com/MLSDev/SkyFloatingLabelTextField.git

SPEC CHECKSUMS:
  Alamofire: 7682d43245de14874acd142ec137b144aa1dd335
  SkyFloatingLabelTextField: 3f6610aded18e778df5cfab3b9e12a11b3e014e9

PODFILE CHECKSUM: febf9ea4acd057f827ed7c2c0c5afdf056b00b09

COCOAPODS: 1.1.0.rc.2
